{
  "nodes": {
    "brew-src": {
      "flake": false,
      "locked": {
        "lastModified": 1783698533,
        "narHash": "sha256-mH9zMIprTmJSIaiBauPBJ9zZeufEGKE+277XP5lv+Ys=",
        "owner": "Homebrew",
        "repo": "brew",
        "rev": "32eae9f24e5373d61a54bfec2fb353572ea46dd8",
        "type": "github"
      },
      "original": {
        "owner": "Homebrew",
        "ref": "main",
        "repo": "brew",
        "type": "github"
      }
    },
    "root": {
      "inputs": {
        "brew-src": "brew-src"
      }
    }
  },
  "root": "root",
  "version": 7
}
