{
  "nodes": {
    "brew-src": {
      "flake": false,
      "locked": {
        "lastModified": 1767186575,
        "narHash": "sha256-+XBLVEtd3njyPFBturkxfQA2q1uXr+lBh3VE+ecxLqc=",
        "owner": "Homebrew",
        "repo": "brew",
        "rev": "754344022ff6b44f759c04b828fed0e9a76e3216",
        "type": "github"
      },
      "original": {
        "owner": "Homebrew",
        "ref": "main",
        "repo": "brew",
        "type": "github"
      }
    },
    "root": {
      "inputs": {
        "brew-src": "brew-src"
      }
    }
  },
  "root": "root",
  "version": 7
}
