{
  "nodes": {
    "brew-src": {
      "flake": false,
      "locked": {
        "lastModified": 1759048880,
        "narHash": "sha256-cDK7aiKeC3iiR55bwVaxYZnQ54Y89jZvEq6h6Q/7SXY=",
        "owner": "Homebrew",
        "repo": "brew",
        "rev": "f650b91290412d9300b6259ebaae55396a1536b9",
        "type": "github"
      },
      "original": {
        "owner": "Homebrew",
        "ref": "4.6.15",
        "repo": "brew",
        "type": "github"
      }
    },
    "root": {
      "inputs": {
        "brew-src": "brew-src"
      }
    }
  },
  "root": "root",
  "version": 7
}
