name: Update Flake Lock

on:
  workflow_dispatch:
  schedule:
    - cron: '25 */8 * * *'

jobs:
  update-flake:
    runs-on: macos-latest
    steps:
      - name: Checkout repository
        uses: actions/checkout@v5
        with:
          ref: 'brew-latest-patch-1'

      - name: Install Nix
        uses: nixbuild/nix-quick-install-action@master

      - name: Set up cache
        uses: nix-community/cache-nix-action@main
        with:
          primary-key: nix-${{ runner.os }}-${{ runner.arch }}-${{ hashFiles('**/*.nix', '**/flake.lock') }}
          restore-prefixes-first-match: nix-${{ runner.os }}-${{ runner.arch }}

      - name: Update flake.lock
        uses: DeterminateSystems/update-flake-lock@main
        with:
          token: ${{ secrets.GH_TOKEN_FOR_UPDATES }}
          pr-title: "Update flake.lock"
          pr-labels: |
            dependencies
            automated
